// !$*UTF8*$!
{
	archiveVersion = 1;
	classes = {
	};
	objectVersion = 45;
	objects = {

/* Begin PBXBuildFile section */
		041B1DEF112E6BA8001640C6 /* MatchAlgo.m in Sources */ = {isa = PBXBuildFile; fileRef = 041B1DEE112E6BA8001640C6 /* MatchAlgo.m */; };
		043889F7112D868D009AA632 /* ResolverDB.m in Sources */ = {isa = PBXBuildFile; fileRef = 043889F6112D868D009AA632 /* ResolverDB.m */; };
		044234F01133AB250056D8BF /* WebView.xib in Resources */ = {isa = PBXBuildFile; fileRef = 044234EF1133AB250056D8BF /* WebView.xib */; };
		044236AF1133E4E80056D8BF /* dns_init.sqlite in Resources */ = {isa = PBXBuildFile; fileRef = 044236AE1133E4E80056D8BF /* dns_init.sqlite */; };
		044B8650112BC01700D1163E /* libresolv.dylib in Frameworks */ = {isa = PBXBuildFile; fileRef = 044B864F112BC01700D1163E /* libresolv.dylib */; };
		045098EC11337B4D00AB5D4C /* WebViewController.m in Sources */ = {isa = PBXBuildFile; fileRef = 045098EB11337B4D00AB5D4C /* WebViewController.m */; };
		047999E51134E4C40006699B /* Reachability.m in Sources */ = {isa = PBXBuildFile; fileRef = 047999E41134E4C40006699B /* Reachability.m */; };
		04799AAA1134E5B10006699B /* SystemConfiguration.framework in Frameworks */ = {isa = PBXBuildFile; fileRef = 04799AA91134E5B10006699B /* SystemConfiguration.framework */; };
		0490149D112BC4EA003FEB9A /* Dns_Util.m in Sources */ = {isa = PBXBuildFile; fileRef = 0490149C112BC4EA003FEB9A /* Dns_Util.m */; };
		04BAFF9711378D060094413B /* icon.png in Resources */ = {isa = PBXBuildFile; fileRef = 04BAFF9611378D060094413B /* icon.png */; };
		04C316A1112D9D140047D545 /* libsqlite3.dylib in Frameworks */ = {isa = PBXBuildFile; fileRef = 04C316A0112D9D140047D545 /* libsqlite3.dylib */; };
		04EFBB261125460B0005996E /* CFNetwork.framework in Frameworks */ = {isa = PBXBuildFile; fileRef = 04EFBB251125460B0005996E /* CFNetwork.framework */; };
		1D3623260D0F684500981E51 /* DepenDNSAppDelegate.m in Sources */ = {isa = PBXBuildFile; fileRef = 1D3623250D0F684500981E51 /* DepenDNSAppDelegate.m */; };
		1D60589B0D05DD56006BFB54 /* main.m in Sources */ = {isa = PBXBuildFile; fileRef = 29B97316FDCFA39411CA2CEA /* main.m */; };
		1D60589F0D05DD5A006BFB54 /* Foundation.framework in Frameworks */ = {isa = PBXBuildFile; fileRef = 1D30AB110D05D00D00671497 /* Foundation.framework */; };
		1DF5F4E00D08C38300B7A737 /* UIKit.framework in Frameworks */ = {isa = PBXBuildFile; fileRef = 1DF5F4DF0D08C38300B7A737 /* UIKit.framework */; };
		2892E4100DC94CBA00A64D0F /* CoreGraphics.framework in Frameworks */ = {isa = PBXBuildFile; fileRef = 2892E40F0DC94CBA00A64D0F /* CoreGraphics.framework */; };
		28AD73600D9D9599002E5188 /* MainWindow.xib in Resources */ = {isa = PBXBuildFile; fileRef = 28AD735F0D9D9599002E5188 /* MainWindow.xib */; };
		28C286E10D94DF7D0034E888 /* RootViewController.m in Sources */ = {isa = PBXBuildFile; fileRef = 28C286E00D94DF7D0034E888 /* RootViewController.m */; };
		28F335F11007B36200424DE2 /* RootViewController.xib in Resources */ = {isa = PBXBuildFile; fileRef = 28F335F01007B36200424DE2 /* RootViewController.xib */; };
		2A63435211BF7496002F3A32 /* MyCLController.m in Sources */ = {isa = PBXBuildFile; fileRef = 2A63435111BF7496002F3A32 /* MyCLController.m */; };
		2A63435F11BF752B002F3A32 /* CoreLocation.framework in Frameworks */ = {isa = PBXBuildFile; fileRef = 2A63435E11BF752B002F3A32 /* CoreLocation.framework */; };
		2A6D246511ABBDBB0085AB1E /* ASIAuthenticationDialog.m in Sources */ = {isa = PBXBuildFile; fileRef = 2A6D245711ABBDBB0085AB1E /* ASIAuthenticationDialog.m */; };
		2A6D246611ABBDBB0085AB1E /* ASIFormDataRequest.m in Sources */ = {isa = PBXBuildFile; fileRef = 2A6D245911ABBDBB0085AB1E /* ASIFormDataRequest.m */; };
		2A6D246711ABBDBB0085AB1E /* ASIHTTPRequest.m in Sources */ = {isa = PBXBuildFile; fileRef = 2A6D245B11ABBDBB0085AB1E /* ASIHTTPRequest.m */; };
		2A6D246811ABBDBB0085AB1E /* ASIInputStream.m in Sources */ = {isa = PBXBuildFile; fileRef = 2A6D245F11ABBDBB0085AB1E /* ASIInputStream.m */; };
		2A6D246911ABBDBB0085AB1E /* ASINetworkQueue.m in Sources */ = {isa = PBXBuildFile; fileRef = 2A6D246111ABBDBB0085AB1E /* ASINetworkQueue.m */; };
		2A6D246A11ABBDBB0085AB1E /* ASINSStringAdditions.m in Sources */ = {isa = PBXBuildFile; fileRef = 2A6D246311ABBDBB0085AB1E /* ASINSStringAdditions.m */; };
		2A6D247811ABBE670085AB1E /* MobileCoreServices.framework in Frameworks */ = {isa = PBXBuildFile; fileRef = 2A6D247711ABBE670085AB1E /* MobileCoreServices.framework */; };
		2A6D247A11ABBE960085AB1E /* libz.1.2.3.dylib in Frameworks */ = {isa = PBXBuildFile; fileRef = 2A6D247911ABBE960085AB1E /* libz.1.2.3.dylib */; };
/* End PBXBuildFile section */

/* Begin PBXFileReference section */
		041B1DED112E6BA8001640C6 /* MatchAlgo.h */ = {isa = PBXFileReference; fileEncoding = 4; lastKnownFileType = sourcecode.c.h; path = MatchAlgo.h; sourceTree = "<group>"; };
		041B1DEE112E6BA8001640C6 /* MatchAlgo.m */ = {isa = PBXFileReference; fileEncoding = 4; lastKnownFileType = sourcecode.c.objc; path = MatchAlgo.m; sourceTree = "<group>"; };
		043889F5112D868D009AA632 /* ResolverDB.h */ = {isa = PBXFileReference; fileEncoding = 4; lastKnownFileType = sourcecode.c.h; path = ResolverDB.h; sourceTree = "<group>"; };
		043889F6112D868D009AA632 /* ResolverDB.m */ = {isa = PBXFileReference; fileEncoding = 4; lastKnownFileType = sourcecode.c.objc; path = ResolverDB.m; sourceTree = "<group>"; };
		044234EF1133AB250056D8BF /* WebView.xib */ = {isa = PBXFileReference; lastKnownFileType = file.xib; path = WebView.xib; sourceTree = "<group>"; };
		044236AE1133E4E80056D8BF /* dns_init.sqlite */ = {isa = PBXFileReference; lastKnownFileType = file; path = dns_init.sqlite; sourceTree = "<group>"; };
		044B864F112BC01700D1163E /* libresolv.dylib */ = {isa = PBXFileReference; lastKnownFileType = "compiled.mach-o.dylib"; name = libresolv.dylib; path = usr/lib/libresolv.dylib; sourceTree = SDKROOT; };
		045098EA11337B4D00AB5D4C /* WebViewController.h */ = {isa = PBXFileReference; fileEncoding = 4; lastKnownFileType = sourcecode.c.h; path = WebViewController.h; sourceTree = "<group>"; };
		045098EB11337B4D00AB5D4C /* WebViewController.m */ = {isa = PBXFileReference; fileEncoding = 4; lastKnownFileType = sourcecode.c.objc; path = WebViewController.m; sourceTree = "<group>"; };
		047999E31134E4C40006699B /* Reachability.h */ = {isa = PBXFileReference; fileEncoding = 4; lastKnownFileType = sourcecode.c.h; path = Reachability.h; sourceTree = "<group>"; };
		047999E41134E4C40006699B /* Reachability.m */ = {isa = PBXFileReference; fileEncoding = 4; lastKnownFileType = sourcecode.c.objc; path = Reachability.m; sourceTree = "<group>"; };
		04799AA91134E5B10006699B /* SystemConfiguration.framework */ = {isa = PBXFileReference; lastKnownFileType = wrapper.framework; name = SystemConfiguration.framework; path = System/Library/Frameworks/SystemConfiguration.framework; sourceTree = SDKROOT; };
		0490149B112BC4EA003FEB9A /* Dns_Util.h */ = {isa = PBXFileReference; fileEncoding = 4; lastKnownFileType = sourcecode.c.h; path = Dns_Util.h; sourceTree = "<group>"; };
		0490149C112BC4EA003FEB9A /* Dns_Util.m */ = {isa = PBXFileReference; fileEncoding = 4; lastKnownFileType = sourcecode.c.objc; path = Dns_Util.m; sourceTree = "<group>"; };
		04BAFF9611378D060094413B /* icon.png */ = {isa = PBXFileReference; lastKnownFileType = image.png; path = icon.png; sourceTree = "<group>"; };
		04C316A0112D9D140047D545 /* libsqlite3.dylib */ = {isa = PBXFileReference; lastKnownFileType = "compiled.mach-o.dylib"; name = libsqlite3.dylib; path = usr/lib/libsqlite3.dylib; sourceTree = SDKROOT; };
		04EFBB251125460B0005996E /* CFNetwork.framework */ = {isa = PBXFileReference; lastKnownFileType = wrapper.framework; name = CFNetwork.framework; path = System/Library/Frameworks/CFNetwork.framework; sourceTree = SDKROOT; };
		1D30AB110D05D00D00671497 /* Foundation.framework */ = {isa = PBXFileReference; lastKnownFileType = wrapper.framework; name = Foundation.framework; path = System/Library/Frameworks/Foundation.framework; sourceTree = SDKROOT; };
		1D3623240D0F684500981E51 /* DepenDNSAppDelegate.h */ = {isa = PBXFileReference; fileEncoding = 4; lastKnownFileType = sourcecode.c.h; path = DepenDNSAppDelegate.h; sourceTree = "<group>"; };
		1D3623250D0F684500981E51 /* DepenDNSAppDelegate.m */ = {isa = PBXFileReference; fileEncoding = 4; lastKnownFileType = sourcecode.c.objc; path = DepenDNSAppDelegate.m; sourceTree = "<group>"; };
		1D6058910D05DD3D006BFB54 /* DepenDNS.app */ = {isa = PBXFileReference; explicitFileType = wrapper.application; includeInIndex = 0; path = DepenDNS.app; sourceTree = BUILT_PRODUCTS_DIR; };
		1DF5F4DF0D08C38300B7A737 /* UIKit.framework */ = {isa = PBXFileReference; lastKnownFileType = wrapper.framework; name = UIKit.framework; path = System/Library/Frameworks/UIKit.framework; sourceTree = SDKROOT; };
		2892E40F0DC94CBA00A64D0F /* CoreGraphics.framework */ = {isa = PBXFileReference; lastKnownFileType = wrapper.framework; name = CoreGraphics.framework; path = System/Library/Frameworks/CoreGraphics.framework; sourceTree = SDKROOT; };
		28A0AAE50D9B0CCF005BE974 /* DepenDNS_Prefix.pch */ = {isa = PBXFileReference; fileEncoding = 4; lastKnownFileType = sourcecode.c.h; path = DepenDNS_Prefix.pch; sourceTree = "<group>"; };
		28AD735F0D9D9599002E5188 /* MainWindow.xib */ = {isa = PBXFileReference; lastKnownFileType = file.xib; path = MainWindow.xib; sourceTree = "<group>"; };
		28C286DF0D94DF7D0034E888 /* RootViewController.h */ = {isa = PBXFileReference; fileEncoding = 4; lastKnownFileType = sourcecode.c.h; path = RootViewController.h; sourceTree = "<group>"; };
		28C286E00D94DF7D0034E888 /* RootViewController.m */ = {isa = PBXFileReference; fileEncoding = 4; lastKnownFileType = sourcecode.c.objc; path = RootViewController.m; sourceTree = "<group>"; };
		28F335F01007B36200424DE2 /* RootViewController.xib */ = {isa = PBXFileReference; lastKnownFileType = file.xib; path = RootViewController.xib; sourceTree = "<group>"; };
		29B97316FDCFA39411CA2CEA /* main.m */ = {isa = PBXFileReference; fileEncoding = 4; lastKnownFileType = sourcecode.c.objc; path = main.m; sourceTree = "<group>"; };
		2A63435011BF7496002F3A32 /* MyCLController.h */ = {isa = PBXFileReference; fileEncoding = 4; lastKnownFileType = sourcecode.c.h; path = MyCLController.h; sourceTree = "<group>"; };
		2A63435111BF7496002F3A32 /* MyCLController.m */ = {isa = PBXFileReference; fileEncoding = 4; lastKnownFileType = sourcecode.c.objc; path = MyCLController.m; sourceTree = "<group>"; };
		2A63435E11BF752B002F3A32 /* CoreLocation.framework */ = {isa = PBXFileReference; lastKnownFileType = wrapper.framework; name = CoreLocation.framework; path = System/Library/Frameworks/CoreLocation.framework; sourceTree = SDKROOT; };
		2A6D245611ABBDBB0085AB1E /* ASIAuthenticationDialog.h */ = {isa = PBXFileReference; fileEncoding = 4; lastKnownFileType = sourcecode.c.h; path = ASIAuthenticationDialog.h; sourceTree = "<group>"; };
		2A6D245711ABBDBB0085AB1E /* ASIAuthenticationDialog.m */ = {isa = PBXFileReference; fileEncoding = 4; lastKnownFileType = sourcecode.c.objc; path = ASIAuthenticationDialog.m; sourceTree = "<group>"; };
		2A6D245811ABBDBB0085AB1E /* ASIFormDataRequest.h */ = {isa = PBXFileReference; fileEncoding = 4; lastKnownFileType = sourcecode.c.h; path = ASIFormDataRequest.h; sourceTree = "<group>"; };
		2A6D245911ABBDBB0085AB1E /* ASIFormDataRequest.m */ = {isa = PBXFileReference; fileEncoding = 4; lastKnownFileType = sourcecode.c.objc; path = ASIFormDataRequest.m; sourceTree = "<group>"; };
		2A6D245A11ABBDBB0085AB1E /* ASIHTTPRequest.h */ = {isa = PBXFileReference; fileEncoding = 4; lastKnownFileType = sourcecode.c.h; path = ASIHTTPRequest.h; sourceTree = "<group>"; };
		2A6D245B11ABBDBB0085AB1E /* ASIHTTPRequest.m */ = {isa = PBXFileReference; fileEncoding = 4; lastKnownFileType = sourcecode.c.objc; path = ASIHTTPRequest.m; sourceTree = "<group>"; };
		2A6D245C11ABBDBB0085AB1E /* ASIHTTPRequestConfig.h */ = {isa = PBXFileReference; fileEncoding = 4; lastKnownFileType = sourcecode.c.h; path = ASIHTTPRequestConfig.h; sourceTree = "<group>"; };
		2A6D245D11ABBDBB0085AB1E /* ASIHTTPRequestDelegate.h */ = {isa = PBXFileReference; fileEncoding = 4; lastKnownFileType = sourcecode.c.h; path = ASIHTTPRequestDelegate.h; sourceTree = "<group>"; };
		2A6D245E11ABBDBB0085AB1E /* ASIInputStream.h */ = {isa = PBXFileReference; fileEncoding = 4; lastKnownFileType = sourcecode.c.h; path = ASIInputStream.h; sourceTree = "<group>"; };
		2A6D245F11ABBDBB0085AB1E /* ASIInputStream.m */ = {isa = PBXFileReference; fileEncoding = 4; lastKnownFileType = sourcecode.c.objc; path = ASIInputStream.m; sourceTree = "<group>"; };
		2A6D246011ABBDBB0085AB1E /* ASINetworkQueue.h */ = {isa = PBXFileReference; fileEncoding = 4; lastKnownFileType = sourcecode.c.h; path = ASINetworkQueue.h; sourceTree = "<group>"; };
		2A6D246111ABBDBB0085AB1E /* ASINetworkQueue.m */ = {isa = PBXFileReference; fileEncoding = 4; lastKnownFileType = sourcecode.c.objc; path = ASINetworkQueue.m; sourceTree = "<group>"; };
		2A6D246211ABBDBB0085AB1E /* ASINSStringAdditions.h */ = {isa = PBXFileReference; fileEncoding = 4; lastKnownFileType = sourcecode.c.h; path = ASINSStringAdditions.h; sourceTree = "<group>"; };
		2A6D246311ABBDBB0085AB1E /* ASINSStringAdditions.m */ = {isa = PBXFileReference; fileEncoding = 4; lastKnownFileType = sourcecode.c.objc; path = ASINSStringAdditions.m; sourceTree = "<group>"; };
		2A6D246411ABBDBB0085AB1E /* ASIProgressDelegate.h */ = {isa = PBXFileReference; fileEncoding = 4; lastKnownFileType = sourcecode.c.h; path = ASIProgressDelegate.h; sourceTree = "<group>"; };
		2A6D247711ABBE670085AB1E /* MobileCoreServices.framework */ = {isa = PBXFileReference; lastKnownFileType = wrapper.framework; name = MobileCoreServices.framework; path = System/Library/Frameworks/MobileCoreServices.framework; sourceTree = SDKROOT; };
		2A6D247911ABBE960085AB1E /* libz.1.2.3.dylib */ = {isa = PBXFileReference; lastKnownFileType = "compiled.mach-o.dylib"; name = libz.1.2.3.dylib; path = usr/lib/libz.1.2.3.dylib; sourceTree = SDKROOT; };
		8D1107310486CEB800E47090 /* DepenDNS-Info.plist */ = {isa = PBXFileReference; fileEncoding = 4; lastKnownFileType = text.plist.xml; path = "DepenDNS-Info.plist"; plistStructureDefinitionIdentifier = "com.apple.xcode.plist.structure-definition.iphone.info-plist"; sourceTree = "<group>"; };
/* End PBXFileReference section */

/* Begin PBXFrameworksBuildPhase section */
		1D60588F0D05DD3D006BFB54 /* Frameworks */ = {
			isa = PBXFrameworksBuildPhase;
			buildActionMask = 2147483647;
			files = (
				1D60589F0D05DD5A006BFB54 /* Foundation.framework in Frameworks */,
				1DF5F4E00D08C38300B7A737 /* UIKit.framework in Frameworks */,
				2892E4100DC94CBA00A64D0F /* CoreGraphics.framework in Frameworks */,
				04EFBB261125460B0005996E /* CFNetwork.framework in Frameworks */,
				044B8650112BC01700D1163E /* libresolv.dylib in Frameworks */,
				04C316A1112D9D140047D545 /* libsqlite3.dylib in Frameworks */,
				04799AAA1134E5B10006699B /* SystemConfiguration.framework in Frameworks */,
				2A6D247811ABBE670085AB1E /* MobileCoreServices.framework in Frameworks */,
				2A6D247A11ABBE960085AB1E /* libz.1.2.3.dylib in Frameworks */,
				2A63435F11BF752B002F3A32 /* CoreLocation.framework in Frameworks */,
			);
			runOnlyForDeploymentPostprocessing = 0;
		};
/* End PBXFrameworksBuildPhase section */

/* Begin PBXGroup section */
		080E96DDFE201D6D7F000001 /* Classes */ = {
			isa = PBXGroup;
			children = (
				2A6D245511ABBDBB0085AB1E /* ASIHttp */,
				047999E31134E4C40006699B /* Reachability.h */,
				047999E41134E4C40006699B /* Reachability.m */,
				045098EA11337B4D00AB5D4C /* WebViewController.h */,
				045098EB11337B4D00AB5D4C /* WebViewController.m */,
				0490149B112BC4EA003FEB9A /* Dns_Util.h */,
				0490149C112BC4EA003FEB9A /* Dns_Util.m */,
				28C286DF0D94DF7D0034E888 /* RootViewController.h */,
				28C286E00D94DF7D0034E888 /* RootViewController.m */,
				1D3623240D0F684500981E51 /* DepenDNSAppDelegate.h */,
				1D3623250D0F684500981E51 /* DepenDNSAppDelegate.m */,
				043889F5112D868D009AA632 /* ResolverDB.h */,
				043889F6112D868D009AA632 /* ResolverDB.m */,
				041B1DED112E6BA8001640C6 /* MatchAlgo.h */,
				041B1DEE112E6BA8001640C6 /* MatchAlgo.m */,
				2A63435011BF7496002F3A32 /* MyCLController.h */,
				2A63435111BF7496002F3A32 /* MyCLController.m */,
			);
			path = Classes;
			sourceTree = "<group>";
		};
		19C28FACFE9D520D11CA2CBB /* Products */ = {
			isa = PBXGroup;
			children = (
				1D6058910D05DD3D006BFB54 /* DepenDNS.app */,
			);
			name = Products;
			sourceTree = "<group>";
		};
		29B97314FDCFA39411CA2CEA /* CustomTemplate */ = {
			isa = PBXGroup;
			children = (
				080E96DDFE201D6D7F000001 /* Classes */,
				29B97315FDCFA39411CA2CEA /* Other Sources */,
				29B97317FDCFA39411CA2CEA /* Resources */,
				29B97323FDCFA39411CA2CEA /* Frameworks */,
				19C28FACFE9D520D11CA2CBB /* Products */,
				2A6D247711ABBE670085AB1E /* MobileCoreServices.framework */,
				2A6D247911ABBE960085AB1E /* libz.1.2.3.dylib */,
			);
			name = CustomTemplate;
			sourceTree = "<group>";
		};
		29B97315FDCFA39411CA2CEA /* Other Sources */ = {
			isa = PBXGroup;
			children = (
				28A0AAE50D9B0CCF005BE974 /* DepenDNS_Prefix.pch */,
				29B97316FDCFA39411CA2CEA /* main.m */,
			);
			name = "Other Sources";
			sourceTree = "<group>";
		};
		29B97317FDCFA39411CA2CEA /* Resources */ = {
			isa = PBXGroup;
			children = (
				04BAFF9611378D060094413B /* icon.png */,
				044236AE1133E4E80056D8BF /* dns_init.sqlite */,
				044234EF1133AB250056D8BF /* WebView.xib */,
				28F335F01007B36200424DE2 /* RootViewController.xib */,
				28AD735F0D9D9599002E5188 /* MainWindow.xib */,
				8D1107310486CEB800E47090 /* DepenDNS-Info.plist */,
			);
			name = Resources;
			sourceTree = "<group>";
		};
		29B97323FDCFA39411CA2CEA /* Frameworks */ = {
			isa = PBXGroup;
			children = (
				04799AA91134E5B10006699B /* SystemConfiguration.framework */,
				04C316A0112D9D140047D545 /* libsqlite3.dylib */,
				044B864F112BC01700D1163E /* libresolv.dylib */,
				04EFBB251125460B0005996E /* CFNetwork.framework */,
				1DF5F4DF0D08C38300B7A737 /* UIKit.framework */,
				1D30AB110D05D00D00671497 /* Foundation.framework */,
				2892E40F0DC94CBA00A64D0F /* CoreGraphics.framework */,
				2A63435E11BF752B002F3A32 /* CoreLocation.framework */,
			);
			name = Frameworks;
			sourceTree = "<group>";
		};
		2A6D245511ABBDBB0085AB1E /* ASIHttp */ = {
			isa = PBXGroup;
			children = (
				2A6D245611ABBDBB0085AB1E /* ASIAuthenticationDialog.h */,
				2A6D245711ABBDBB0085AB1E /* ASIAuthenticationDialog.m */,
				2A6D245811ABBDBB0085AB1E /* ASIFormDataRequest.h */,
				2A6D245911ABBDBB0085AB1E /* ASIFormDataRequest.m */,
				2A6D245A11ABBDBB0085AB1E /* ASIHTTPRequest.h */,
				2A6D245B11ABBDBB0085AB1E /* ASIHTTPRequest.m */,
				2A6D245C11ABBDBB0085AB1E /* ASIHTTPRequestConfig.h */,
				2A6D245D11ABBDBB0085AB1E /* ASIHTTPRequestDelegate.h */,
				2A6D245E11ABBDBB0085AB1E /* ASIInputStream.h */,
				2A6D245F11ABBDBB0085AB1E /* ASIInputStream.m */,
				2A6D246011ABBDBB0085AB1E /* ASINetworkQueue.h */,
				2A6D246111ABBDBB0085AB1E /* ASINetworkQueue.m */,
				2A6D246211ABBDBB0085AB1E /* ASINSStringAdditions.h */,
				2A6D246311ABBDBB0085AB1E /* ASINSStringAdditions.m */,
				2A6D246411ABBDBB0085AB1E /* ASIProgressDelegate.h */,
			);
			path = ASIHttp;
			sourceTree = "<group>";
		};
/* End PBXGroup section */

/* Begin PBXNativeTarget section */
		1D6058900D05DD3D006BFB54 /* DepenDNS */ = {
			isa = PBXNativeTarget;
			buildConfigurationList = 1D6058960D05DD3E006BFB54 /* Build configuration list for PBXNativeTarget "DepenDNS" */;
			buildPhases = (
				1D60588D0D05DD3D006BFB54 /* Resources */,
				1D60588E0D05DD3D006BFB54 /* Sources */,
				1D60588F0D05DD3D006BFB54 /* Frameworks */,
			);
			buildRules = (
			);
			dependencies = (
			);
			name = DepenDNS;
			productName = DepenDNS;
			productReference = 1D6058910D05DD3D006BFB54 /* DepenDNS.app */;
			productType = "com.apple.product-type.application";
		};
/* End PBXNativeTarget section */

/* Begin PBXProject section */
		29B97313FDCFA39411CA2CEA /* Project object */ = {
			isa = PBXProject;
			buildConfigurationList = C01FCF4E08A954540054247B /* Build configuration list for PBXProject "DepenDNS" */;
			compatibilityVersion = "Xcode 3.1";
			hasScannedForEncodings = 1;
			knownRegions = (
				English,
				Japanese,
				French,
				German,
				en,
			);
			mainGroup = 29B97314FDCFA39411CA2CEA /* CustomTemplate */;
			projectDirPath = "";
			projectRoot = "";
			targets = (
				1D6058900D05DD3D006BFB54 /* DepenDNS */,
			);
		};
/* End PBXProject section */

/* Begin PBXResourcesBuildPhase section */
		1D60588D0D05DD3D006BFB54 /* Resources */ = {
			isa = PBXResourcesBuildPhase;
			buildActionMask = 2147483647;
			files = (
				28AD73600D9D9599002E5188 /* MainWindow.xib in Resources */,
				28F335F11007B36200424DE2 /* RootViewController.xib in Resources */,
				044234F01133AB250056D8BF /* WebView.xib in Resources */,
				044236AF1133E4E80056D8BF /* dns_init.sqlite in Resources */,
				04BAFF9711378D060094413B /* icon.png in Resources */,
			);
			runOnlyForDeploymentPostprocessing = 0;
		};
/* End PBXResourcesBuildPhase section */

/* Begin PBXSourcesBuildPhase section */
		1D60588E0D05DD3D006BFB54 /* Sources */ = {
			isa = PBXSourcesBuildPhase;
			buildActionMask = 2147483647;
			files = (
				1D60589B0D05DD56006BFB54 /* main.m in Sources */,
				1D3623260D0F684500981E51 /* DepenDNSAppDelegate.m in Sources */,
				28C286E10D94DF7D0034E888 /* RootViewController.m in Sources */,
				0490149D112BC4EA003FEB9A /* Dns_Util.m in Sources */,
				043889F7112D868D009AA632 /* ResolverDB.m in Sources */,
				041B1DEF112E6BA8001640C6 /* MatchAlgo.m in Sources */,
				045098EC11337B4D00AB5D4C /* WebViewController.m in Sources */,
				047999E51134E4C40006699B /* Reachability.m in Sources */,
				2A6D246511ABBDBB0085AB1E /* ASIAuthenticationDialog.m in Sources */,
				2A6D246611ABBDBB0085AB1E /* ASIFormDataRequest.m in Sources */,
				2A6D246711ABBDBB0085AB1E /* ASIHTTPRequest.m in Sources */,
				2A6D246811ABBDBB0085AB1E /* ASIInputStream.m in Sources */,
				2A6D246911ABBDBB0085AB1E /* ASINetworkQueue.m in Sources */,
				2A6D246A11ABBDBB0085AB1E /* ASINSStringAdditions.m in Sources */,
				2A63435211BF7496002F3A32 /* MyCLController.m in Sources */,
			);
			runOnlyForDeploymentPostprocessing = 0;
		};
/* End PBXSourcesBuildPhase section */

/* Begin XCBuildConfiguration section */
		1D6058940D05DD3E006BFB54 /* Debug */ = {
			isa = XCBuildConfiguration;
			buildSettings = {
				ALWAYS_SEARCH_USER_PATHS = NO;
				COPY_PHASE_STRIP = NO;
				GCC_DYNAMIC_NO_PIC = NO;
				GCC_OPTIMIZATION_LEVEL = 0;
				GCC_PRECOMPILE_PREFIX_HEADER = YES;
				GCC_PREFIX_HEADER = DepenDNS_Prefix.pch;
				INFOPLIST_FILE = "DepenDNS-Info.plist";
				LIBRARY_SEARCH_PATHS = (
					"$(inherited)",
					"\"$(SRCROOT)\"",
				);
				PRODUCT_NAME = DepenDNS;
			};
			name = Debug;
		};
		1D6058950D05DD3E006BFB54 /* Release */ = {
			isa = XCBuildConfiguration;
			buildSettings = {
				ALWAYS_SEARCH_USER_PATHS = NO;
				COPY_PHASE_STRIP = YES;
				GCC_PRECOMPILE_PREFIX_HEADER = YES;
				GCC_PREFIX_HEADER = DepenDNS_Prefix.pch;
				INFOPLIST_FILE = "DepenDNS-Info.plist";
				LIBRARY_SEARCH_PATHS = (
					"$(inherited)",
					"\"$(SRCROOT)\"",
				);
				PRODUCT_NAME = DepenDNS;
			};
			name = Release;
		};
		C01FCF4F08A954540054247B /* Debug */ = {
			isa = XCBuildConfiguration;
			buildSettings = {
				ARCHS = "$(ARCHS_UNIVERSAL_IPHONE_OS)";
				CODE_SIGN_IDENTITY = "iPhone Developer: Tzuchun Chung (GL9XG37B26)";
				"CODE_SIGN_IDENTITY[sdk=iphoneos*]" = "iPhone Developer: Tzuchun Chung (GL9XG37B26)";
				GCC_C_LANGUAGE_STANDARD = c99;
				GCC_WARN_ABOUT_RETURN_TYPE = YES;
				GCC_WARN_UNUSED_VARIABLE = YES;
				PREBINDING = NO;
				PROVISIONING_PROFILE = "8F7932A5-76A2-4447-BACC-6683E5F200B3";
				"PROVISIONING_PROFILE[sdk=iphoneos*]" = "8F7932A5-76A2-4447-BACC-6683E5F200B3";
				SDKROOT = iphoneos3.1.3;
			};
			name = Debug;
		};
		C01FCF5008A954540054247B /* Release */ = {
			isa = XCBuildConfiguration;
			buildSettings = {
				ARCHS = "$(ARCHS_UNIVERSAL_IPHONE_OS)";
				CODE_SIGN_IDENTITY = "iPhone Developer: Yue-Hsun Lin (X6U2B9ZV7E)";
				"CODE_SIGN_IDENTITY[sdk=iphoneos*]" = "iPhone Developer: Yue-Hsun Lin (X6U2B9ZV7E)";
				GCC_C_LANGUAGE_STANDARD = c99;
				GCC_WARN_ABOUT_RETURN_TYPE = YES;
				GCC_WARN_UNUSED_VARIABLE = YES;
				PREBINDING = NO;
				PROVISIONING_PROFILE = "E981FCD2-20DC-47E0-B3B8-43732C416CBB";
				"PROVISIONING_PROFILE[sdk=iphoneos*]" = "E981FCD2-20DC-47E0-B3B8-43732C416CBB";
				SDKROOT = iphoneos3.1.3;
			};
			name = Release;
		};
/* End XCBuildConfiguration section */

/* Begin XCConfigurationList section */
		1D6058960D05DD3E006BFB54 /* Build configuration list for PBXNativeTarget "DepenDNS" */ = {
			isa = XCConfigurationList;
			buildConfigurations = (
				1D6058940D05DD3E006BFB54 /* Debug */,
				1D6058950D05DD3E006BFB54 /* Release */,
			);
			defaultConfigurationIsVisible = 0;
			defaultConfigurationName = Release;
		};
		C01FCF4E08A954540054247B /* Build configuration list for PBXProject "DepenDNS" */ = {
			isa = XCConfigurationList;
			buildConfigurations = (
				C01FCF4F08A954540054247B /* Debug */,
				C01FCF5008A954540054247B /* Release */,
			);
			defaultConfigurationIsVisible = 0;
			defaultConfigurationName = Release;
		};
/* End XCConfigurationList section */
	};
	rootObject = 29B97313FDCFA39411CA2CEA /* Project object */;
}
